
Microsoft Visual Studio Solution File, Format Version 12.00
# Visual Studio 15
VisualStudioVersion = 15.0.28307.645
MinimumVisualStudioVersion = 10.0.40219.1
Project("{2150E333-8FDC-42A3-9474-1A3956D46DE8}") = "1 - Dominio", "1 - Dominio", "{5FEED59D-A51A-4DD3-A417-769937110D7C}"
EndProject
Project("{2150E333-8FDC-42A3-9474-1A3956D46DE8}") = "2 - Infraestrutura", "2 - Infraestrutura", "{9CDB6C0F-168E-4E7F-807C-FBB44B0D7023}"
EndProject
Project("{2150E333-8FDC-42A3-9474-1A3956D46DE8}") = "4 - Frontend", "4 - Frontend", "{C0185124-4607-4170-BE45-41C464894A51}"
EndProject
Project("{FAE04EC0-301F-11D3-BF4B-00C04F79EFBC}") = "Muniz.Desafio.Domain.Tests", "Muniz.Desafio.Domain.Tests\Muniz.Desafio.Domain.Tests.csproj", "{122507EA-66EE-45C9-8A15-EA84205B7CA2}"
EndProject
Project("{FAE04EC0-301F-11D3-BF4B-00C04F79EFBC}") = "Muniz.Desafio.Infra", "Muniz.Desafio.Infra\Muniz.Desafio.Infra.csproj", "{F4AD26B4-9FC7-4814-B9DA-F9EFF3CED0AC}"
EndProject
Project("{FAE04EC0-301F-11D3-BF4B-00C04F79EFBC}") = "Muniz.Desafio.Worker", "Muniz.Desafio.Worker\Muniz.Desafio.Worker.csproj", "{A3511CA0-26D8-4A30-A0EB-5EA4AA2863A7}"
EndProject
Project("{FAE04EC0-301F-11D3-BF4B-00C04F79EFBC}") = "Muniz.Desafio.App", "Muniz.Desafio.App\Muniz.Desafio.App.csproj", "{320BFF92-A5CE-4FD1-B8D6-3AFB2E29094F}"
EndProject
Project("{FAE04EC0-301F-11D3-BF4B-00C04F79EFBC}") = "Muniz.Desafio.Api", "Muniz.Desafio.Api\Muniz.Desafio.Api.csproj", "{0B61D79A-9F6D-47CC-AD9C-BB3DF0F841A5}"
EndProject
Project("{2150E333-8FDC-42A3-9474-1A3956D46DE8}") = "3 - Compartilhado", "3 - Compartilhado", "{BADFDD94-B594-4E30-8472-D3F5FAB0A1A0}"
EndProject
Project("{FAE04EC0-301F-11D3-BF4B-00C04F79EFBC}") = "Muniz.Desafio.Crosscutting", "Muniz.Desafio.Crosscutting\Muniz.Desafio.Crosscutting.csproj", "{6DF47280-5AE2-4A29-AE4F-0B3CBCEAD917}"
EndProject
Global
	GlobalSection(SolutionConfigurationPlatforms) = preSolution
		Debug|Any CPU = Debug|Any CPU
		Release|Any CPU = Release|Any CPU
	EndGlobalSection
	GlobalSection(ProjectConfigurationPlatforms) = postSolution
		{122507EA-66EE-45C9-8A15-EA84205B7CA2}.Debug|Any CPU.ActiveCfg = Debug|Any CPU
		{122507EA-66EE-45C9-8A15-EA84205B7CA2}.Debug|Any CPU.Build.0 = Debug|Any CPU
		{122507EA-66EE-45C9-8A15-EA84205B7CA2}.Release|Any CPU.ActiveCfg = Release|Any CPU
		{122507EA-66EE-45C9-8A15-EA84205B7CA2}.Release|Any CPU.Build.0 = Release|Any CPU
		{F4AD26B4-9FC7-4814-B9DA-F9EFF3CED0AC}.Debug|Any CPU.ActiveCfg = Debug|Any CPU
		{F4AD26B4-9FC7-4814-B9DA-F9EFF3CED0AC}.Debug|Any CPU.Build.0 = Debug|Any CPU
		{F4AD26B4-9FC7-4814-B9DA-F9EFF3CED0AC}.Release|Any CPU.ActiveCfg = Release|Any CPU
		{F4AD26B4-9FC7-4814-B9DA-F9EFF3CED0AC}.Release|Any CPU.Build.0 = Release|Any CPU
		{A3511CA0-26D8-4A30-A0EB-5EA4AA2863A7}.Debug|Any CPU.ActiveCfg = Debug|Any CPU
		{A3511CA0-26D8-4A30-A0EB-5EA4AA2863A7}.Debug|Any CPU.Build.0 = Debug|Any CPU
		{A3511CA0-26D8-4A30-A0EB-5EA4AA2863A7}.Release|Any CPU.ActiveCfg = Release|Any CPU
		{A3511CA0-26D8-4A30-A0EB-5EA4AA2863A7}.Release|Any CPU.Build.0 = Release|Any CPU
		{320BFF92-A5CE-4FD1-B8D6-3AFB2E29094F}.Debug|Any CPU.ActiveCfg = Debug|Any CPU
		{320BFF92-A5CE-4FD1-B8D6-3AFB2E29094F}.Debug|Any CPU.Build.0 = Debug|Any CPU
		{320BFF92-A5CE-4FD1-B8D6-3AFB2E29094F}.Release|Any CPU.ActiveCfg = Release|Any CPU
		{320BFF92-A5CE-4FD1-B8D6-3AFB2E29094F}.Release|Any CPU.Build.0 = Release|Any CPU
		{0B61D79A-9F6D-47CC-AD9C-BB3DF0F841A5}.Debug|Any CPU.ActiveCfg = Debug|Any CPU
		{0B61D79A-9F6D-47CC-AD9C-BB3DF0F841A5}.Debug|Any CPU.Build.0 = Debug|Any CPU
		{0B61D79A-9F6D-47CC-AD9C-BB3DF0F841A5}.Release|Any CPU.ActiveCfg = Release|Any CPU
		{0B61D79A-9F6D-47CC-AD9C-BB3DF0F841A5}.Release|Any CPU.Build.0 = Release|Any CPU
		{6DF47280-5AE2-4A29-AE4F-0B3CBCEAD917}.Debug|Any CPU.ActiveCfg = Debug|Any CPU
		{6DF47280-5AE2-4A29-AE4F-0B3CBCEAD917}.Debug|Any CPU.Build.0 = Debug|Any CPU
		{6DF47280-5AE2-4A29-AE4F-0B3CBCEAD917}.Release|Any CPU.ActiveCfg = Release|Any CPU
		{6DF47280-5AE2-4A29-AE4F-0B3CBCEAD917}.Release|Any CPU.Build.0 = Release|Any CPU
	EndGlobalSection
	GlobalSection(SolutionProperties) = preSolution
		HideSolutionNode = FALSE
	EndGlobalSection
	GlobalSection(NestedProjects) = preSolution
		{122507EA-66EE-45C9-8A15-EA84205B7CA2} = {5FEED59D-A51A-4DD3-A417-769937110D7C}
		{F4AD26B4-9FC7-4814-B9DA-F9EFF3CED0AC} = {9CDB6C0F-168E-4E7F-807C-FBB44B0D7023}
		{A3511CA0-26D8-4A30-A0EB-5EA4AA2863A7} = {C0185124-4607-4170-BE45-41C464894A51}
		{320BFF92-A5CE-4FD1-B8D6-3AFB2E29094F} = {C0185124-4607-4170-BE45-41C464894A51}
		{0B61D79A-9F6D-47CC-AD9C-BB3DF0F841A5} = {C0185124-4607-4170-BE45-41C464894A51}
		{6DF47280-5AE2-4A29-AE4F-0B3CBCEAD917} = {BADFDD94-B594-4E30-8472-D3F5FAB0A1A0}
	EndGlobalSection
	GlobalSection(ExtensibilityGlobals) = postSolution
		SolutionGuid = {0A8ED697-96CD-4096-93F7-190B4D60C8A4}
	EndGlobalSection
EndGlobal
